
Microsoft Visual Studio Solution File, Format Version 12.00
# Visual Studio Version 17
VisualStudioVersion = 17.5.33103.201
MinimumVisualStudioVersion = 10.0.40219.1
Project("{9A19103F-16F7-4668-BE54-9A1E7A4F7556}") = "LocDbConverterConsole", "LocDbConverterConsole\LocDbConverterConsole.csproj", "{DD4AB7CF-F349-4AA9-980C-4CA276A1426C}"
EndProject
Global
	GlobalSection(SolutionConfigurationPlatforms) = preSolution
		Debug|Any CPU = Debug|Any CPU
		Debug|ARM64 = Debug|ARM64
		Debug|x64 = Debug|x64
		Debug|x86 = Debug|x86
		Release|Any CPU = Release|Any CPU
		Release|ARM64 = Release|ARM64
		Release|x64 = Release|x64
		Release|x86 = Release|x86
	EndGlobalSection
	GlobalSection(ProjectConfigurationPlatforms) = postSolution
		{DD4AB7CF-F349-4AA9-980C-4CA276A1426C}.Debug|Any CPU.ActiveCfg = Debug|Any CPU
		{DD4AB7CF-F349-4AA9-980C-4CA276A1426C}.Debug|Any CPU.Build.0 = Debug|Any CPU
		{DD4AB7CF-F349-4AA9-980C-4CA276A1426C}.Debug|ARM64.ActiveCfg = Debug|ARM64
		{DD4AB7CF-F349-4AA9-980C-4CA276A1426C}.Debug|ARM64.Build.0 = Debug|ARM64
		{DD4AB7CF-F349-4AA9-980C-4CA276A1426C}.Debug|x64.ActiveCfg = Debug|x64
		{DD4AB7CF-F349-4AA9-980C-4CA276A1426C}.Debug|x64.Build.0 = Debug|x64
		{DD4AB7CF-F349-4AA9-980C-4CA276A1426C}.Debug|x86.ActiveCfg = Debug|x86
		{DD4AB7CF-F349-4AA9-980C-4CA276A1426C}.Debug|x86.Build.0 = Debug|x86
		{DD4AB7CF-F349-4AA9-980C-4CA276A1426C}.Release|Any CPU.ActiveCfg = Release|Any CPU
		{DD4AB7CF-F349-4AA9-980C-4CA276A1426C}.Release|Any CPU.Build.0 = Release|Any CPU
		{DD4AB7CF-F349-4AA9-980C-4CA276A1426C}.Release|ARM64.ActiveCfg = Release|Any CPU
		{DD4AB7CF-F349-4AA9-980C-4CA276A1426C}.Release|ARM64.Build.0 = Release|Any CPU
		{DD4AB7CF-F349-4AA9-980C-4CA276A1426C}.Release|x64.ActiveCfg = Release|x64
		{DD4AB7CF-F349-4AA9-980C-4CA276A1426C}.Release|x64.Build.0 = Release|x64
		{DD4AB7CF-F349-4AA9-980C-4CA276A1426C}.Release|x86.ActiveCfg = Release|Any CPU
		{DD4AB7CF-F349-4AA9-980C-4CA276A1426C}.Release|x86.Build.0 = Release|Any CPU
	EndGlobalSection
	GlobalSection(SolutionProperties) = preSolution
		HideSolutionNode = FALSE
	EndGlobalSection
	GlobalSection(ExtensibilityGlobals) = postSolution
		SolutionGuid = {A6E1504A-DA51-4437-9AAF-07E283EC7028}
	EndGlobalSection
EndGlobal
